{
    "_readme": [
        "This file locks the dependencies of your project to a known state",
        "Read more about it at https://getcomposer.org/doc/01-basic-usage.md#installing-dependencies",
        "This file is @generated automatically"
    ],
    "content-hash": "144759ba5acf7f45fc604e79d74d804d",
    "packages": [
        {
            "name": "eftec/daoone",
            "version": "3.30",
            "source": {
                "type": "git",
                "url": "https://github.com/EFTEC/DaoOne.git",
                "reference": "603d391b7c0bc76b785d4c437507c182f55538d7"
            },
            "dist": {
                "type": "zip",
                "url": "https://api.github.com/repos/EFTEC/DaoOne/zipball/603d391b7c0bc76b785d4c437507c182f55538d7",
                "reference": "603d391b7c0bc76b785d4c437507c182f55538d7",
                "shasum": ""
            },
            "require": {
                "ext-json": "*",
                "ext-mysqli": "*",
                "ext-openssl": "*"
            },
            "require-dev": {
                "phpunit/phpunit": "^5.7 || ^6.5"
            },
            "suggest": {
                "eftec/PdoOne": "It is an a new version of this library"
            },
            "type": "library",
            "autoload": {
                "psr-4": {
                    "eftec\\": "lib/"
                }
            },
            "notification-url": "https://packagist.org/downloads/",
            "license": [
                "MIT"
            ],
            "authors": [
                {
                    "name": "Jorge Castro Castillo",
                    "homepage": "https://github.com/EFTEC/"
                }
            ],
            "description": "Procedural MysqlI Data access class in a single Class",
            "homepage": "https://github.com/EFTEC",
            "keywords": [
                "dao",
                "mysqli",
                "php"
            ],
            "time": "2020-02-13T17:08:22+00:00"
        }
    ],
    "packages-dev": [],
    "aliases": [],
    "minimum-stability": "stable",
    "stability-flags": [],
    "prefer-stable": false,
    "prefer-lowest": false,
    "platform": [],
    "platform-dev": []
}
